// !$*UTF8*$!
{
	archiveVersion = 1;
	classes = {
	};
	objectVersion = 46;
	objects = {

/* Begin PBXBuildFile section */
		F295DA2A1997D14400BFE1B0 /* ShareViewController.swift in Sources */ = {isa = PBXBuildFile; fileRef = F295DA291997D14400BFE1B0 /* ShareViewController.swift */; };
		F295DA2C1997D14400BFE1B0 /* MainInterface.storyboard in Resources */ = {isa = PBXBuildFile; fileRef = F295DA2B1997D14400BFE1B0 /* MainInterface.storyboard */; };
		F295DA2F1997D14400BFE1B0 /* ShareDemo.appex in Embed App Extensions */ = {isa = PBXBuildFile; fileRef = F295DA251997D14400BFE1B0 /* ShareDemo.appex */; settings = {ATTRIBUTES = (RemoveHeadersOnCopy, ); }; };
		F295DA351997D15300BFE1B0 /* DDHKeychain.framework in Frameworks */ = {isa = PBXBuildFile; fileRef = F2B9A8B91997AC81002575FD /* DDHKeychain.framework */; };
		F2B9A8981997AC4A002575FD /* AppDelegate.swift in Sources */ = {isa = PBXBuildFile; fileRef = F2B9A8971997AC4A002575FD /* AppDelegate.swift */; };
		F2B9A89A1997AC4A002575FD /* ViewController.swift in Sources */ = {isa = PBXBuildFile; fileRef = F2B9A8991997AC4A002575FD /* ViewController.swift */; };
		F2B9A89D1997AC4A002575FD /* Main.storyboard in Resources */ = {isa = PBXBuildFile; fileRef = F2B9A89B1997AC4A002575FD /* Main.storyboard */; };
		F2B9A89F1997AC4A002575FD /* Images.xcassets in Resources */ = {isa = PBXBuildFile; fileRef = F2B9A89E1997AC4A002575FD /* Images.xcassets */; };
		F2B9A8AB1997AC4B002575FD /* KeychainDemoTests.swift in Sources */ = {isa = PBXBuildFile; fileRef = F2B9A8AA1997AC4B002575FD /* KeychainDemoTests.swift */; };
		F2B9A8BE1997AC81002575FD /* DDHKeychain.h in Headers */ = {isa = PBXBuildFile; fileRef = F2B9A8BD1997AC81002575FD /* DDHKeychain.h */; settings = {ATTRIBUTES = (Public, ); }; };
		F2B9A8CA1997AC81002575FD /* DDHKeychainTests.swift in Sources */ = {isa = PBXBuildFile; fileRef = F2B9A8C91997AC81002575FD /* DDHKeychainTests.swift */; };
		F2B9A8CD1997AC81002575FD /* DDHKeychain.framework in Frameworks */ = {isa = PBXBuildFile; fileRef = F2B9A8B91997AC81002575FD /* DDHKeychain.framework */; };
		F2B9A8CE1997AC81002575FD /* DDHKeychain.framework in Embed Frameworks */ = {isa = PBXBuildFile; fileRef = F2B9A8B91997AC81002575FD /* DDHKeychain.framework */; settings = {ATTRIBUTES = (CodeSignOnCopy, RemoveHeadersOnCopy, ); }; };
		F2B9A8D91997AD03002575FD /* DDHKeychain.swift in Sources */ = {isa = PBXBuildFile; fileRef = F2B9A8D81997AD03002575FD /* DDHKeychain.swift */; };
/* End PBXBuildFile section */

/* Begin PBXContainerItemProxy section */
		F295DA2D1997D14400BFE1B0 /* PBXContainerItemProxy */ = {
			isa = PBXContainerItemProxy;
			containerPortal = F2B9A88A1997AC4A002575FD /* Project object */;
			proxyType = 1;
			remoteGlobalIDString = F295DA241997D14400BFE1B0;
			remoteInfo = ShareDemo;
		};
		F295DA301997D14400BFE1B0 /* PBXContainerItemProxy */ = {
			isa = PBXContainerItemProxy;
			containerPortal = F2B9A88A1997AC4A002575FD /* Project object */;
			proxyType = 1;
			remoteGlobalIDString = F295DA241997D14400BFE1B0;
			remoteInfo = ShareDemo;
		};
		F2B9A8A51997AC4B002575FD /* PBXContainerItemProxy */ = {
			isa = PBXContainerItemProxy;
			containerPortal = F2B9A88A1997AC4A002575FD /* Project object */;
			proxyType = 1;
			remoteGlobalIDString = F2B9A8911997AC4A002575FD;
			remoteInfo = KeychainDemo;
		};
		F2B9A8C41997AC81002575FD /* PBXContainerItemProxy */ = {
			isa = PBXContainerItemProxy;
			containerPortal = F2B9A88A1997AC4A002575FD /* Project object */;
			proxyType = 1;
			remoteGlobalIDString = F2B9A8911997AC4A002575FD;
			remoteInfo = KeychainDemo;
		};
		F2B9A8CB1997AC81002575FD /* PBXContainerItemProxy */ = {
			isa = PBXContainerItemProxy;
			containerPortal = F2B9A88A1997AC4A002575FD /* Project object */;
			proxyType = 1;
			remoteGlobalIDString = F2B9A8B81997AC81002575FD;
			remoteInfo = DDHKeychain;
		};
		F2B9A8CF1997AC81002575FD /* PBXContainerItemProxy */ = {
			isa = PBXContainerItemProxy;
			containerPortal = F2B9A88A1997AC4A002575FD /* Project object */;
			proxyType = 1;
			remoteGlobalIDString = F2B9A8B81997AC81002575FD;
			remoteInfo = DDHKeychain;
		};
/* End PBXContainerItemProxy section */

/* Begin PBXCopyFilesBuildPhase section */
		F2B9A8D41997AC81002575FD /* Embed Frameworks */ = {
			isa = PBXCopyFilesBuildPhase;
			buildActionMask = 2147483647;
			dstPath = "";
			dstSubfolderSpec = 10;
			files = (
				F2B9A8CE1997AC81002575FD /* DDHKeychain.framework in Embed Frameworks */,
			);
			name = "Embed Frameworks";
			runOnlyForDeploymentPostprocessing = 0;
		};
		F2B9A8F11997B071002575FD /* Embed App Extensions */ = {
			isa = PBXCopyFilesBuildPhase;
			buildActionMask = 2147483647;
			dstPath = "";
			dstSubfolderSpec = 13;
			files = (
				F295DA2F1997D14400BFE1B0 /* ShareDemo.appex in Embed App Extensions */,
			);
			name = "Embed App Extensions";
			runOnlyForDeploymentPostprocessing = 0;
		};
/* End PBXCopyFilesBuildPhase section */

/* Begin PBXFileReference section */
		F217FBB81997D62D00AFEF00 /* ShareDemo.entitlements */ = {isa = PBXFileReference; lastKnownFileType = text.xml; path = ShareDemo.entitlements; sourceTree = "<group>"; };
		F295DA251997D14400BFE1B0 /* ShareDemo.appex */ = {isa = PBXFileReference; explicitFileType = "wrapper.app-extension"; includeInIndex = 0; path = ShareDemo.appex; sourceTree = BUILT_PRODUCTS_DIR; };
		F295DA281997D14400BFE1B0 /* Info.plist */ = {isa = PBXFileReference; lastKnownFileType = text.plist.xml; path = Info.plist; sourceTree = "<group>"; };
		F295DA291997D14400BFE1B0 /* ShareViewController.swift */ = {isa = PBXFileReference; lastKnownFileType = sourcecode.swift; path = ShareViewController.swift; sourceTree = "<group>"; };
		F295DA2B1997D14400BFE1B0 /* MainInterface.storyboard */ = {isa = PBXFileReference; lastKnownFileType = file.storyboard; path = MainInterface.storyboard; sourceTree = "<group>"; };
		F2B9A8921997AC4A002575FD /* KeychainDemo.app */ = {isa = PBXFileReference; explicitFileType = wrapper.application; includeInIndex = 0; path = KeychainDemo.app; sourceTree = BUILT_PRODUCTS_DIR; };
		F2B9A8961997AC4A002575FD /* Info.plist */ = {isa = PBXFileReference; lastKnownFileType = text.plist.xml; path = Info.plist; sourceTree = "<group>"; };
		F2B9A8971997AC4A002575FD /* AppDelegate.swift */ = {isa = PBXFileReference; lastKnownFileType = sourcecode.swift; path = AppDelegate.swift; sourceTree = "<group>"; };
		F2B9A8991997AC4A002575FD /* ViewController.swift */ = {isa = PBXFileReference; lastKnownFileType = sourcecode.swift; path = ViewController.swift; sourceTree = "<group>"; };
		F2B9A89C1997AC4A002575FD /* Base */ = {isa = PBXFileReference; lastKnownFileType = file.storyboard; name = Base; path = Base.lproj/Main.storyboard; sourceTree = "<group>"; };
		F2B9A89E1997AC4A002575FD /* Images.xcassets */ = {isa = PBXFileReference; lastKnownFileType = folder.assetcatalog; path = Images.xcassets; sourceTree = "<group>"; };
		F2B9A8A41997AC4B002575FD /* KeychainDemoTests.xctest */ = {isa = PBXFileReference; explicitFileType = wrapper.cfbundle; includeInIndex = 0; path = KeychainDemoTests.xctest; sourceTree = BUILT_PRODUCTS_DIR; };
		F2B9A8A91997AC4B002575FD /* Info.plist */ = {isa = PBXFileReference; lastKnownFileType = text.plist.xml; path = Info.plist; sourceTree = "<group>"; };
		F2B9A8AA1997AC4B002575FD /* KeychainDemoTests.swift */ = {isa = PBXFileReference; lastKnownFileType = sourcecode.swift; path = KeychainDemoTests.swift; sourceTree = "<group>"; };
		F2B9A8B91997AC81002575FD /* DDHKeychain.framework */ = {isa = PBXFileReference; explicitFileType = wrapper.framework; includeInIndex = 0; path = DDHKeychain.framework; sourceTree = BUILT_PRODUCTS_DIR; };
		F2B9A8BC1997AC81002575FD /* Info.plist */ = {isa = PBXFileReference; lastKnownFileType = text.plist.xml; path = Info.plist; sourceTree = "<group>"; };
		F2B9A8BD1997AC81002575FD /* DDHKeychain.h */ = {isa = PBXFileReference; lastKnownFileType = sourcecode.c.h; path = DDHKeychain.h; sourceTree = "<group>"; };
		F2B9A8C31997AC81002575FD /* DDHKeychainTests.xctest */ = {isa = PBXFileReference; explicitFileType = wrapper.cfbundle; includeInIndex = 0; path = DDHKeychainTests.xctest; sourceTree = BUILT_PRODUCTS_DIR; };
		F2B9A8C81997AC81002575FD /* Info.plist */ = {isa = PBXFileReference; lastKnownFileType = text.plist.xml; path = Info.plist; sourceTree = "<group>"; };
		F2B9A8C91997AC81002575FD /* DDHKeychainTests.swift */ = {isa = PBXFileReference; lastKnownFileType = sourcecode.swift; path = DDHKeychainTests.swift; sourceTree = "<group>"; };
		F2B9A8D81997AD03002575FD /* DDHKeychain.swift */ = {isa = PBXFileReference; fileEncoding = 4; lastKnownFileType = sourcecode.swift; path = DDHKeychain.swift; sourceTree = "<group>"; };
		F2B9A8E01997B071002575FD /* NotificationCenter.framework */ = {isa = PBXFileReference; lastKnownFileType = wrapper.framework; name = NotificationCenter.framework; path = System/Library/Frameworks/NotificationCenter.framework; sourceTree = SDKROOT; };
		F2B9A8F31997B160002575FD /* KeychainDemo.entitlements */ = {isa = PBXFileReference; lastKnownFileType = text.xml; path = KeychainDemo.entitlements; sourceTree = "<group>"; };
/* End PBXFileReference section */

/* Begin PBXFrameworksBuildPhase section */
		F295DA221997D14400BFE1B0 /* Frameworks */ = {
			isa = PBXFrameworksBuildPhase;
			buildActionMask = 2147483647;
			files = (
				F295DA351997D15300BFE1B0 /* DDHKeychain.framework in Frameworks */,
			);
			runOnlyForDeploymentPostprocessing = 0;
		};
		F2B9A88F1997AC4A002575FD /* Frameworks */ = {
			isa = PBXFrameworksBuildPhase;
			buildActionMask = 2147483647;
			files = (
				F2B9A8CD1997AC81002575FD /* DDHKeychain.framework in Frameworks */,
			);
			runOnlyForDeploymentPostprocessing = 0;
		};
		F2B9A8A11997AC4B002575FD /* Frameworks */ = {
			isa = PBXFrameworksBuildPhase;
			buildActionMask = 2147483647;
			files = (
			);
			runOnlyForDeploymentPostprocessing = 0;
		};
		F2B9A8B51997AC81002575FD /* Frameworks */ = {
			isa = PBXFrameworksBuildPhase;
			buildActionMask = 2147483647;
			files = (
			);
			runOnlyForDeploymentPostprocessing = 0;
		};
		F2B9A8C01997AC81002575FD /* Frameworks */ = {
			isa = PBXFrameworksBuildPhase;
			buildActionMask = 2147483647;
			files = (
			);
			runOnlyForDeploymentPostprocessing = 0;
		};
/* End PBXFrameworksBuildPhase section */

/* Begin PBXGroup section */
		F295DA261997D14400BFE1B0 /* ShareDemo */ = {
			isa = PBXGroup;
			children = (
				F217FBB81997D62D00AFEF00 /* ShareDemo.entitlements */,
				F295DA291997D14400BFE1B0 /* ShareViewController.swift */,
				F295DA2B1997D14400BFE1B0 /* MainInterface.storyboard */,
				F295DA271997D14400BFE1B0 /* Supporting Files */,
			);
			path = ShareDemo;
			sourceTree = "<group>";
		};
		F295DA271997D14400BFE1B0 /* Supporting Files */ = {
			isa = PBXGroup;
			children = (
				F295DA281997D14400BFE1B0 /* Info.plist */,
			);
			name = "Supporting Files";
			sourceTree = "<group>";
		};
		F2B9A8891997AC4A002575FD = {
			isa = PBXGroup;
			children = (
				F2B9A8941997AC4A002575FD /* KeychainDemo */,
				F2B9A8A71997AC4B002575FD /* KeychainDemoTests */,
				F2B9A8BA1997AC81002575FD /* DDHKeychain */,
				F2B9A8C61997AC81002575FD /* DDHKeychainTests */,
				F295DA261997D14400BFE1B0 /* ShareDemo */,
				F2B9A8DF1997B071002575FD /* Frameworks */,
				F2B9A8931997AC4A002575FD /* Products */,
			);
			sourceTree = "<group>";
		};
		F2B9A8931997AC4A002575FD /* Products */ = {
			isa = PBXGroup;
			children = (
				F2B9A8921997AC4A002575FD /* KeychainDemo.app */,
				F2B9A8A41997AC4B002575FD /* KeychainDemoTests.xctest */,
				F2B9A8B91997AC81002575FD /* DDHKeychain.framework */,
				F2B9A8C31997AC81002575FD /* DDHKeychainTests.xctest */,
				F295DA251997D14400BFE1B0 /* ShareDemo.appex */,
			);
			name = Products;
			sourceTree = "<group>";
		};
		F2B9A8941997AC4A002575FD /* KeychainDemo */ = {
			isa = PBXGroup;
			children = (
				F2B9A8F31997B160002575FD /* KeychainDemo.entitlements */,
				F2B9A8971997AC4A002575FD /* AppDelegate.swift */,
				F2B9A8991997AC4A002575FD /* ViewController.swift */,
				F2B9A89B1997AC4A002575FD /* Main.storyboard */,
				F2B9A89E1997AC4A002575FD /* Images.xcassets */,
				F2B9A8951997AC4A002575FD /* Supporting Files */,
			);
			path = KeychainDemo;
			sourceTree = "<group>";
		};
		F2B9A8951997AC4A002575FD /* Supporting Files */ = {
			isa = PBXGroup;
			children = (
				F2B9A8961997AC4A002575FD /* Info.plist */,
			);
			name = "Supporting Files";
			sourceTree = "<group>";
		};
		F2B9A8A71997AC4B002575FD /* KeychainDemoTests */ = {
			isa = PBXGroup;
			children = (
				F2B9A8AA1997AC4B002575FD /* KeychainDemoTests.swift */,
				F2B9A8A81997AC4B002575FD /* Supporting Files */,
			);
			path = KeychainDemoTests;
			sourceTree = "<group>";
		};
		F2B9A8A81997AC4B002575FD /* Supporting Files */ = {
			isa = PBXGroup;
			children = (
				F2B9A8A91997AC4B002575FD /* Info.plist */,
			);
			name = "Supporting Files";
			sourceTree = "<group>";
		};
		F2B9A8BA1997AC81002575FD /* DDHKeychain */ = {
			isa = PBXGroup;
			children = (
				F2B9A8BD1997AC81002575FD /* DDHKeychain.h */,
				F2B9A8D81997AD03002575FD /* DDHKeychain.swift */,
				F2B9A8BB1997AC81002575FD /* Supporting Files */,
			);
			path = DDHKeychain;
			sourceTree = "<group>";
		};
		F2B9A8BB1997AC81002575FD /* Supporting Files */ = {
			isa = PBXGroup;
			children = (
				F2B9A8BC1997AC81002575FD /* Info.plist */,
			);
			name = "Supporting Files";
			sourceTree = "<group>";
		};
		F2B9A8C61997AC81002575FD /* DDHKeychainTests */ = {
			isa = PBXGroup;
			children = (
				F2B9A8C91997AC81002575FD /* DDHKeychainTests.swift */,
				F2B9A8C71997AC81002575FD /* Supporting Files */,
			);
			path = DDHKeychainTests;
			sourceTree = "<group>";
		};
		F2B9A8C71997AC81002575FD /* Supporting Files */ = {
			isa = PBXGroup;
			children = (
				F2B9A8C81997AC81002575FD /* Info.plist */,
			);
			name = "Supporting Files";
			sourceTree = "<group>";
		};
		F2B9A8DF1997B071002575FD /* Frameworks */ = {
			isa = PBXGroup;
			children = (
				F2B9A8E01997B071002575FD /* NotificationCenter.framework */,
			);
			name = Frameworks;
			sourceTree = "<group>";
		};
/* End PBXGroup section */

/* Begin PBXHeadersBuildPhase section */
		F2B9A8B61997AC81002575FD /* Headers */ = {
			isa = PBXHeadersBuildPhase;
			buildActionMask = 2147483647;
			files = (
				F2B9A8BE1997AC81002575FD /* DDHKeychain.h in Headers */,
			);
			runOnlyForDeploymentPostprocessing = 0;
		};
/* End PBXHeadersBuildPhase section */

/* Begin PBXNativeTarget section */
		F295DA241997D14400BFE1B0 /* ShareDemo */ = {
			isa = PBXNativeTarget;
			buildConfigurationList = F295DA341997D14400BFE1B0 /* Build configuration list for PBXNativeTarget "ShareDemo" */;
			buildPhases = (
				F295DA211997D14400BFE1B0 /* Sources */,
				F295DA221997D14400BFE1B0 /* Frameworks */,
				F295DA231997D14400BFE1B0 /* Resources */,
			);
			buildRules = (
			);
			dependencies = (
			);
			name = ShareDemo;
			productName = ShareDemo;
			productReference = F295DA251997D14400BFE1B0 /* ShareDemo.appex */;
			productType = "com.apple.product-type.app-extension";
		};
		F2B9A8911997AC4A002575FD /* KeychainDemo */ = {
			isa = PBXNativeTarget;
			buildConfigurationList = F2B9A8AE1997AC4B002575FD /* Build configuration list for PBXNativeTarget "KeychainDemo" */;
			buildPhases = (
				F2B9A88E1997AC4A002575FD /* Sources */,
				F2B9A88F1997AC4A002575FD /* Frameworks */,
				F2B9A8901997AC4A002575FD /* Resources */,
				F2B9A8D41997AC81002575FD /* Embed Frameworks */,
				F2B9A8F11997B071002575FD /* Embed App Extensions */,
			);
			buildRules = (
			);
			dependencies = (
				F2B9A8CC1997AC81002575FD /* PBXTargetDependency */,
				F2B9A8D01997AC81002575FD /* PBXTargetDependency */,
				F295DA2E1997D14400BFE1B0 /* PBXTargetDependency */,
				F295DA311997D14400BFE1B0 /* PBXTargetDependency */,
			);
			name = KeychainDemo;
			productName = KeychainDemo;
			productReference = F2B9A8921997AC4A002575FD /* KeychainDemo.app */;
			productType = "com.apple.product-type.application";
		};
		F2B9A8A31997AC4B002575FD /* KeychainDemoTests */ = {
			isa = PBXNativeTarget;
			buildConfigurationList = F2B9A8B11997AC4B002575FD /* Build configuration list for PBXNativeTarget "KeychainDemoTests" */;
			buildPhases = (
				F2B9A8A01997AC4B002575FD /* Sources */,
				F2B9A8A11997AC4B002575FD /* Frameworks */,
				F2B9A8A21997AC4B002575FD /* Resources */,
			);
			buildRules = (
			);
			dependencies = (
				F2B9A8A61997AC4B002575FD /* PBXTargetDependency */,
			);
			name = KeychainDemoTests;
			productName = KeychainDemoTests;
			productReference = F2B9A8A41997AC4B002575FD /* KeychainDemoTests.xctest */;
			productType = "com.apple.product-type.bundle.unit-test";
		};
		F2B9A8B81997AC81002575FD /* DDHKeychain */ = {
			isa = PBXNativeTarget;
			buildConfigurationList = F2B9A8D11997AC81002575FD /* Build configuration list for PBXNativeTarget "DDHKeychain" */;
			buildPhases = (
				F2B9A8B41997AC81002575FD /* Sources */,
				F2B9A8B51997AC81002575FD /* Frameworks */,
				F2B9A8B61997AC81002575FD /* Headers */,
				F2B9A8B71997AC81002575FD /* Resources */,
			);
			buildRules = (
			);
			dependencies = (
			);
			name = DDHKeychain;
			productName = DDHKeychain;
			productReference = F2B9A8B91997AC81002575FD /* DDHKeychain.framework */;
			productType = "com.apple.product-type.framework";
		};
		F2B9A8C21997AC81002575FD /* DDHKeychainTests */ = {
			isa = PBXNativeTarget;
			buildConfigurationList = F2B9A8D51997AC81002575FD /* Build configuration list for PBXNativeTarget "DDHKeychainTests" */;
			buildPhases = (
				F2B9A8BF1997AC81002575FD /* Sources */,
				F2B9A8C01997AC81002575FD /* Frameworks */,
				F2B9A8C11997AC81002575FD /* Resources */,
			);
			buildRules = (
			);
			dependencies = (
				F2B9A8C51997AC81002575FD /* PBXTargetDependency */,
			);
			name = DDHKeychainTests;
			productName = DDHKeychainTests;
			productReference = F2B9A8C31997AC81002575FD /* DDHKeychainTests.xctest */;
			productType = "com.apple.product-type.bundle.unit-test";
		};
/* End PBXNativeTarget section */

/* Begin PBXProject section */
		F2B9A88A1997AC4A002575FD /* Project object */ = {
			isa = PBXProject;
			attributes = {
				LastUpgradeCheck = 0600;
				ORGANIZATIONNAME = "Dominik Hauser";
				TargetAttributes = {
					F295DA241997D14400BFE1B0 = {
						CreatedOnToolsVersion = 6.0;
						DevelopmentTeam = Q6PD97MRX4;
						SystemCapabilities = {
							com.apple.Keychain = {
								enabled = 1;
							};
						};
					};
					F2B9A8911997AC4A002575FD = {
						CreatedOnToolsVersion = 6.0;
						DevelopmentTeam = Q6PD97MRX4;
						SystemCapabilities = {
							com.apple.Keychain = {
								enabled = 1;
							};
						};
					};
					F2B9A8A31997AC4B002575FD = {
						CreatedOnToolsVersion = 6.0;
						TestTargetID = F2B9A8911997AC4A002575FD;
					};
					F2B9A8B81997AC81002575FD = {
						CreatedOnToolsVersion = 6.0;
					};
					F2B9A8C21997AC81002575FD = {
						CreatedOnToolsVersion = 6.0;
						TestTargetID = F2B9A8911997AC4A002575FD;
					};
				};
			};
			buildConfigurationList = F2B9A88D1997AC4A002575FD /* Build configuration list for PBXProject "KeychainDemo" */;
			compatibilityVersion = "Xcode 3.2";
			developmentRegion = English;
			hasScannedForEncodings = 0;
			knownRegions = (
				en,
				Base,
			);
			mainGroup = F2B9A8891997AC4A002575FD;
			productRefGroup = F2B9A8931997AC4A002575FD /* Products */;
			projectDirPath = "";
			projectRoot = "";
			targets = (
				F2B9A8911997AC4A002575FD /* KeychainDemo */,
				F2B9A8A31997AC4B002575FD /* KeychainDemoTests */,
				F2B9A8B81997AC81002575FD /* DDHKeychain */,
				F2B9A8C21997AC81002575FD /* DDHKeychainTests */,
				F295DA241997D14400BFE1B0 /* ShareDemo */,
			);
		};
/* End PBXProject section */

/* Begin PBXResourcesBuildPhase section */
		F295DA231997D14400BFE1B0 /* Resources */ = {
			isa = PBXResourcesBuildPhase;
			buildActionMask = 2147483647;
			files = (
				F295DA2C1997D14400BFE1B0 /* MainInterface.storyboard in Resources */,
			);
			runOnlyForDeploymentPostprocessing = 0;
		};
		F2B9A8901997AC4A002575FD /* Resources */ = {
			isa = PBXResourcesBuildPhase;
			buildActionMask = 2147483647;
			files = (
				F2B9A89D1997AC4A002575FD /* Main.storyboard in Resources */,
				F2B9A89F1997AC4A002575FD /* Images.xcassets in Resources */,
			);
			runOnlyForDeploymentPostprocessing = 0;
		};
		F2B9A8A21997AC4B002575FD /* Resources */ = {
			isa = PBXResourcesBuildPhase;
			buildActionMask = 2147483647;
			files = (
			);
			runOnlyForDeploymentPostprocessing = 0;
		};
		F2B9A8B71997AC81002575FD /* Resources */ = {
			isa = PBXResourcesBuildPhase;
			buildActionMask = 2147483647;
			files = (
			);
			runOnlyForDeploymentPostprocessing = 0;
		};
		F2B9A8C11997AC81002575FD /* Resources */ = {
			isa = PBXResourcesBuildPhase;
			buildActionMask = 2147483647;
			files = (
			);
			runOnlyForDeploymentPostprocessing = 0;
		};
/* End PBXResourcesBuildPhase section */

/* Begin PBXSourcesBuildPhase section */
		F295DA211997D14400BFE1B0 /* Sources */ = {
			isa = PBXSourcesBuildPhase;
			buildActionMask = 2147483647;
			files = (
				F295DA2A1997D14400BFE1B0 /* ShareViewController.swift in Sources */,
			);
			runOnlyForDeploymentPostprocessing = 0;
		};
		F2B9A88E1997AC4A002575FD /* Sources */ = {
			isa = PBXSourcesBuildPhase;
			buildActionMask = 2147483647;
			files = (
				F2B9A89A1997AC4A002575FD /* ViewController.swift in Sources */,
				F2B9A8981997AC4A002575FD /* AppDelegate.swift in Sources */,
			);
			runOnlyForDeploymentPostprocessing = 0;
		};
		F2B9A8A01997AC4B002575FD /* Sources */ = {
			isa = PBXSourcesBuildPhase;
			buildActionMask = 2147483647;
			files = (
				F2B9A8AB1997AC4B002575FD /* KeychainDemoTests.swift in Sources */,
			);
			runOnlyForDeploymentPostprocessing = 0;
		};
		F2B9A8B41997AC81002575FD /* Sources */ = {
			isa = PBXSourcesBuildPhase;
			buildActionMask = 2147483647;
			files = (
				F2B9A8D91997AD03002575FD /* DDHKeychain.swift in Sources */,
			);
			runOnlyForDeploymentPostprocessing = 0;
		};
		F2B9A8BF1997AC81002575FD /* Sources */ = {
			isa = PBXSourcesBuildPhase;
			buildActionMask = 2147483647;
			files = (
				F2B9A8CA1997AC81002575FD /* DDHKeychainTests.swift in Sources */,
			);
			runOnlyForDeploymentPostprocessing = 0;
		};
/* End PBXSourcesBuildPhase section */

/* Begin PBXTargetDependency section */
		F295DA2E1997D14400BFE1B0 /* PBXTargetDependency */ = {
			isa = PBXTargetDependency;
			target = F295DA241997D14400BFE1B0 /* ShareDemo */;
			targetProxy = F295DA2D1997D14400BFE1B0 /* PBXContainerItemProxy */;
		};
		F295DA311997D14400BFE1B0 /* PBXTargetDependency */ = {
			isa = PBXTargetDependency;
			target = F295DA241997D14400BFE1B0 /* ShareDemo */;
			targetProxy = F295DA301997D14400BFE1B0 /* PBXContainerItemProxy */;
		};
		F2B9A8A61997AC4B002575FD /* PBXTargetDependency */ = {
			isa = PBXTargetDependency;
			target = F2B9A8911997AC4A002575FD /* KeychainDemo */;
			targetProxy = F2B9A8A51997AC4B002575FD /* PBXContainerItemProxy */;
		};
		F2B9A8C51997AC81002575FD /* PBXTargetDependency */ = {
			isa = PBXTargetDependency;
			target = F2B9A8911997AC4A002575FD /* KeychainDemo */;
			targetProxy = F2B9A8C41997AC81002575FD /* PBXContainerItemProxy */;
		};
		F2B9A8CC1997AC81002575FD /* PBXTargetDependency */ = {
			isa = PBXTargetDependency;
			target = F2B9A8B81997AC81002575FD /* DDHKeychain */;
			targetProxy = F2B9A8CB1997AC81002575FD /* PBXContainerItemProxy */;
		};
		F2B9A8D01997AC81002575FD /* PBXTargetDependency */ = {
			isa = PBXTargetDependency;
			target = F2B9A8B81997AC81002575FD /* DDHKeychain */;
			targetProxy = F2B9A8CF1997AC81002575FD /* PBXContainerItemProxy */;
		};
/* End PBXTargetDependency section */

/* Begin PBXVariantGroup section */
		F2B9A89B1997AC4A002575FD /* Main.storyboard */ = {
			isa = PBXVariantGroup;
			children = (
				F2B9A89C1997AC4A002575FD /* Base */,
			);
			name = Main.storyboard;
			sourceTree = "<group>";
		};
/* End PBXVariantGroup section */

/* Begin XCBuildConfiguration section */
		F295DA321997D14400BFE1B0 /* Debug */ = {
			isa = XCBuildConfiguration;
			buildSettings = {
				CODE_SIGN_ENTITLEMENTS = ShareDemo/ShareDemo.entitlements;
				CODE_SIGN_IDENTITY = "iPhone Developer";
				"CODE_SIGN_IDENTITY[sdk=iphoneos*]" = "iPhone Developer";
				GCC_PREPROCESSOR_DEFINITIONS = (
					"DEBUG=1",
					"$(inherited)",
				);
				INFOPLIST_FILE = ShareDemo/Info.plist;
				LD_RUNPATH_SEARCH_PATHS = "$(inherited) @executable_path/Frameworks @executable_path/../../Frameworks";
				PRODUCT_NAME = "$(TARGET_NAME)";
				PROVISIONING_PROFILE = "";
				SKIP_INSTALL = YES;
			};
			name = Debug;
		};
		F295DA331997D14400BFE1B0 /* Release */ = {
			isa = XCBuildConfiguration;
			buildSettings = {
				CODE_SIGN_ENTITLEMENTS = ShareDemo/ShareDemo.entitlements;
				CODE_SIGN_IDENTITY = "iPhone Developer";
				"CODE_SIGN_IDENTITY[sdk=iphoneos*]" = "iPhone Developer";
				INFOPLIST_FILE = ShareDemo/Info.plist;
				LD_RUNPATH_SEARCH_PATHS = "$(inherited) @executable_path/Frameworks @executable_path/../../Frameworks";
				PRODUCT_NAME = "$(TARGET_NAME)";
				PROVISIONING_PROFILE = "";
				SKIP_INSTALL = YES;
			};
			name = Release;
		};
		F2B9A8AC1997AC4B002575FD /* Debug */ = {
			isa = XCBuildConfiguration;
			buildSettings = {
				ALWAYS_SEARCH_USER_PATHS = NO;
				CLANG_CXX_LANGUAGE_STANDARD = "gnu++0x";
				CLANG_CXX_LIBRARY = "libc++";
				CLANG_ENABLE_MODULES = YES;
				CLANG_ENABLE_OBJC_ARC = YES;
				CLANG_WARN_BOOL_CONVERSION = YES;
				CLANG_WARN_CONSTANT_CONVERSION = YES;
				CLANG_WARN_DIRECT_OBJC_ISA_USAGE = YES_ERROR;
				CLANG_WARN_EMPTY_BODY = YES;
				CLANG_WARN_ENUM_CONVERSION = YES;
				CLANG_WARN_INT_CONVERSION = YES;
				CLANG_WARN_OBJC_ROOT_CLASS = YES_ERROR;
				CLANG_WARN_UNREACHABLE_CODE = YES;
				CLANG_WARN__DUPLICATE_METHOD_MATCH = YES;
				"CODE_SIGN_IDENTITY[sdk=iphoneos*]" = "iPhone Developer";
				COPY_PHASE_STRIP = NO;
				ENABLE_STRICT_OBJC_MSGSEND = YES;
				GCC_C_LANGUAGE_STANDARD = gnu99;
				GCC_DYNAMIC_NO_PIC = NO;
				GCC_OPTIMIZATION_LEVEL = 0;
				GCC_PREPROCESSOR_DEFINITIONS = (
					"DEBUG=1",
					"$(inherited)",
				);
				GCC_SYMBOLS_PRIVATE_EXTERN = NO;
				GCC_WARN_64_TO_32_BIT_CONVERSION = YES;
				GCC_WARN_ABOUT_RETURN_TYPE = YES_ERROR;
				GCC_WARN_UNDECLARED_SELECTOR = YES;
				GCC_WARN_UNINITIALIZED_AUTOS = YES_AGGRESSIVE;
				GCC_WARN_UNUSED_FUNCTION = YES;
				GCC_WARN_UNUSED_VARIABLE = YES;
				IPHONEOS_DEPLOYMENT_TARGET = 8.0;
				MTL_ENABLE_DEBUG_INFO = YES;
				ONLY_ACTIVE_ARCH = YES;
				SDKROOT = iphoneos;
				SWIFT_OPTIMIZATION_LEVEL = "-Onone";
			};
			name = Debug;
		};
		F2B9A8AD1997AC4B002575FD /* Release */ = {
			isa = XCBuildConfiguration;
			buildSettings = {
				ALWAYS_SEARCH_USER_PATHS = NO;
				CLANG_CXX_LANGUAGE_STANDARD = "gnu++0x";
				CLANG_CXX_LIBRARY = "libc++";
				CLANG_ENABLE_MODULES = YES;
				CLANG_ENABLE_OBJC_ARC = YES;
				CLANG_WARN_BOOL_CONVERSION = YES;
				CLANG_WARN_CONSTANT_CONVERSION = YES;
				CLANG_WARN_DIRECT_OBJC_ISA_USAGE = YES_ERROR;
				CLANG_WARN_EMPTY_BODY = YES;
				CLANG_WARN_ENUM_CONVERSION = YES;
				CLANG_WARN_INT_CONVERSION = YES;
				CLANG_WARN_OBJC_ROOT_CLASS = YES_ERROR;
				CLANG_WARN_UNREACHABLE_CODE = YES;
				CLANG_WARN__DUPLICATE_METHOD_MATCH = YES;
				"CODE_SIGN_IDENTITY[sdk=iphoneos*]" = "iPhone Developer";
				COPY_PHASE_STRIP = YES;
				ENABLE_NS_ASSERTIONS = NO;
				ENABLE_STRICT_OBJC_MSGSEND = YES;
				GCC_C_LANGUAGE_STANDARD = gnu99;
				GCC_WARN_64_TO_32_BIT_CONVERSION = YES;
				GCC_WARN_ABOUT_RETURN_TYPE = YES_ERROR;
				GCC_WARN_UNDECLARED_SELECTOR = YES;
				GCC_WARN_UNINITIALIZED_AUTOS = YES_AGGRESSIVE;
				GCC_WARN_UNUSED_FUNCTION = YES;
				GCC_WARN_UNUSED_VARIABLE = YES;
				IPHONEOS_DEPLOYMENT_TARGET = 8.0;
				MTL_ENABLE_DEBUG_INFO = NO;
				SDKROOT = iphoneos;
				VALIDATE_PRODUCT = YES;
			};
			name = Release;
		};
		F2B9A8AF1997AC4B002575FD /* Debug */ = {
			isa = XCBuildConfiguration;
			buildSettings = {
				ASSETCATALOG_COMPILER_APPICON_NAME = AppIcon;
				ASSETCATALOG_COMPILER_LAUNCHIMAGE_NAME = LaunchImage;
				CODE_SIGN_ENTITLEMENTS = KeychainDemo/KeychainDemo.entitlements;
				CODE_SIGN_IDENTITY = "iPhone Developer";
				"CODE_SIGN_IDENTITY[sdk=iphoneos*]" = "iPhone Developer";
				INFOPLIST_FILE = KeychainDemo/Info.plist;
				LD_RUNPATH_SEARCH_PATHS = "$(inherited) @executable_path/Frameworks";
				PRODUCT_NAME = "$(TARGET_NAME)";
				PROVISIONING_PROFILE = "";
			};
			name = Debug;
		};
		F2B9A8B01997AC4B002575FD /* Release */ = {
			isa = XCBuildConfiguration;
			buildSettings = {
				ASSETCATALOG_COMPILER_APPICON_NAME = AppIcon;
				ASSETCATALOG_COMPILER_LAUNCHIMAGE_NAME = LaunchImage;
				CODE_SIGN_ENTITLEMENTS = KeychainDemo/KeychainDemo.entitlements;
				CODE_SIGN_IDENTITY = "iPhone Developer";
				"CODE_SIGN_IDENTITY[sdk=iphoneos*]" = "iPhone Developer";
				INFOPLIST_FILE = KeychainDemo/Info.plist;
				LD_RUNPATH_SEARCH_PATHS = "$(inherited) @executable_path/Frameworks";
				PRODUCT_NAME = "$(TARGET_NAME)";
				PROVISIONING_PROFILE = "";
			};
			name = Release;
		};
		F2B9A8B21997AC4B002575FD /* Debug */ = {
			isa = XCBuildConfiguration;
			buildSettings = {
				BUNDLE_LOADER = "$(TEST_HOST)";
				FRAMEWORK_SEARCH_PATHS = (
					"$(SDKROOT)/Developer/Library/Frameworks",
					"$(inherited)",
				);
				GCC_PREPROCESSOR_DEFINITIONS = (
					"DEBUG=1",
					"$(inherited)",
				);
				INFOPLIST_FILE = KeychainDemoTests/Info.plist;
				LD_RUNPATH_SEARCH_PATHS = "$(inherited) @executable_path/Frameworks @loader_path/Frameworks";
				PRODUCT_NAME = "$(TARGET_NAME)";
				TEST_HOST = "$(BUILT_PRODUCTS_DIR)/KeychainDemo.app/KeychainDemo";
			};
			name = Debug;
		};
		F2B9A8B31997AC4B002575FD /* Release */ = {
			isa = XCBuildConfiguration;
			buildSettings = {
				BUNDLE_LOADER = "$(TEST_HOST)";
				FRAMEWORK_SEARCH_PATHS = (
					"$(SDKROOT)/Developer/Library/Frameworks",
					"$(inherited)",
				);
				INFOPLIST_FILE = KeychainDemoTests/Info.plist;
				LD_RUNPATH_SEARCH_PATHS = "$(inherited) @executable_path/Frameworks @loader_path/Frameworks";
				PRODUCT_NAME = "$(TARGET_NAME)";
				TEST_HOST = "$(BUILT_PRODUCTS_DIR)/KeychainDemo.app/KeychainDemo";
			};
			name = Release;
		};
		F2B9A8D21997AC81002575FD /* Debug */ = {
			isa = XCBuildConfiguration;
			buildSettings = {
				APPLICATION_EXTENSION_API_ONLY = YES;
				CLANG_ENABLE_MODULES = YES;
				CURRENT_PROJECT_VERSION = 1;
				DEFINES_MODULE = YES;
				DYLIB_COMPATIBILITY_VERSION = 1;
				DYLIB_CURRENT_VERSION = 1;
				DYLIB_INSTALL_NAME_BASE = "@rpath";
				GCC_PREPROCESSOR_DEFINITIONS = (
					"DEBUG=1",
					"$(inherited)",
				);
				INFOPLIST_FILE = DDHKeychain/Info.plist;
				INSTALL_PATH = "$(LOCAL_LIBRARY_DIR)/Frameworks";
				LD_RUNPATH_SEARCH_PATHS = "$(inherited) @executable_path/Frameworks @loader_path/Frameworks";
				PRODUCT_NAME = "$(TARGET_NAME)";
				SKIP_INSTALL = YES;
				SWIFT_OPTIMIZATION_LEVEL = "-Onone";
				TARGETED_DEVICE_FAMILY = "1,2";
				VERSIONING_SYSTEM = "apple-generic";
				VERSION_INFO_PREFIX = "";
			};
			name = Debug;
		};
		F2B9A8D31997AC81002575FD /* Release */ = {
			isa = XCBuildConfiguration;
			buildSettings = {
				APPLICATION_EXTENSION_API_ONLY = YES;
				CLANG_ENABLE_MODULES = YES;
				CURRENT_PROJECT_VERSION = 1;
				DEFINES_MODULE = YES;
				DYLIB_COMPATIBILITY_VERSION = 1;
				DYLIB_CURRENT_VERSION = 1;
				DYLIB_INSTALL_NAME_BASE = "@rpath";
				INFOPLIST_FILE = DDHKeychain/Info.plist;
				INSTALL_PATH = "$(LOCAL_LIBRARY_DIR)/Frameworks";
				LD_RUNPATH_SEARCH_PATHS = "$(inherited) @executable_path/Frameworks @loader_path/Frameworks";
				PRODUCT_NAME = "$(TARGET_NAME)";
				SKIP_INSTALL = YES;
				TARGETED_DEVICE_FAMILY = "1,2";
				VERSIONING_SYSTEM = "apple-generic";
				VERSION_INFO_PREFIX = "";
			};
			name = Release;
		};
		F2B9A8D61997AC81002575FD /* Debug */ = {
			isa = XCBuildConfiguration;
			buildSettings = {
				FRAMEWORK_SEARCH_PATHS = (
					"$(SDKROOT)/Developer/Library/Frameworks",
					"$(inherited)",
				);
				GCC_PREPROCESSOR_DEFINITIONS = (
					"DEBUG=1",
					"$(inherited)",
				);
				INFOPLIST_FILE = DDHKeychainTests/Info.plist;
				LD_RUNPATH_SEARCH_PATHS = "$(inherited) @executable_path/Frameworks @loader_path/Frameworks";
				PRODUCT_NAME = "$(TARGET_NAME)";
				TEST_HOST = "$(BUILT_PRODUCTS_DIR)/KeychainDemo.app/KeychainDemo";
			};
			name = Debug;
		};
		F2B9A8D71997AC81002575FD /* Release */ = {
			isa = XCBuildConfiguration;
			buildSettings = {
				FRAMEWORK_SEARCH_PATHS = (
					"$(SDKROOT)/Developer/Library/Frameworks",
					"$(inherited)",
				);
				INFOPLIST_FILE = DDHKeychainTests/Info.plist;
				LD_RUNPATH_SEARCH_PATHS = "$(inherited) @executable_path/Frameworks @loader_path/Frameworks";
				PRODUCT_NAME = "$(TARGET_NAME)";
				TEST_HOST = "$(BUILT_PRODUCTS_DIR)/KeychainDemo.app/KeychainDemo";
			};
			name = Release;
		};
/* End XCBuildConfiguration section */

/* Begin XCConfigurationList section */
		F295DA341997D14400BFE1B0 /* Build configuration list for PBXNativeTarget "ShareDemo" */ = {
			isa = XCConfigurationList;
			buildConfigurations = (
				F295DA321997D14400BFE1B0 /* Debug */,
				F295DA331997D14400BFE1B0 /* Release */,
			);
			defaultConfigurationIsVisible = 0;
			defaultConfigurationName = Release;
		};
		F2B9A88D1997AC4A002575FD /* Build configuration list for PBXProject "KeychainDemo" */ = {
			isa = XCConfigurationList;
			buildConfigurations = (
				F2B9A8AC1997AC4B002575FD /* Debug */,
				F2B9A8AD1997AC4B002575FD /* Release */,
			);
			defaultConfigurationIsVisible = 0;
			defaultConfigurationName = Release;
		};
		F2B9A8AE1997AC4B002575FD /* Build configuration list for PBXNativeTarget "KeychainDemo" */ = {
			isa = XCConfigurationList;
			buildConfigurations = (
				F2B9A8AF1997AC4B002575FD /* Debug */,
				F2B9A8B01997AC4B002575FD /* Release */,
			);
			defaultConfigurationIsVisible = 0;
			defaultConfigurationName = Release;
		};
		F2B9A8B11997AC4B002575FD /* Build configuration list for PBXNativeTarget "KeychainDemoTests" */ = {
			isa = XCConfigurationList;
			buildConfigurations = (
				F2B9A8B21997AC4B002575FD /* Debug */,
				F2B9A8B31997AC4B002575FD /* Release */,
			);
			defaultConfigurationIsVisible = 0;
			defaultConfigurationName = Release;
		};
		F2B9A8D11997AC81002575FD /* Build configuration list for PBXNativeTarget "DDHKeychain" */ = {
			isa = XCConfigurationList;
			buildConfigurations = (
				F2B9A8D21997AC81002575FD /* Debug */,
				F2B9A8D31997AC81002575FD /* Release */,
			);
			defaultConfigurationIsVisible = 0;
			defaultConfigurationName = Release;
		};
		F2B9A8D51997AC81002575FD /* Build configuration list for PBXNativeTarget "DDHKeychainTests" */ = {
			isa = XCConfigurationList;
			buildConfigurations = (
				F2B9A8D61997AC81002575FD /* Debug */,
				F2B9A8D71997AC81002575FD /* Release */,
			);
			defaultConfigurationIsVisible = 0;
			defaultConfigurationName = Release;
		};
/* End XCConfigurationList section */
	};
	rootObject = F2B9A88A1997AC4A002575FD /* Project object */;
}
